
Microsoft Visual Studio Solution File, Format Version 12.00
# Visual Studio Version 17
VisualStudioVersion = 17.7.34018.315
MinimumVisualStudioVersion = 10.0.40219.1
Project("{FAE04EC0-301F-11D3-BF4B-00C04F79EFBC}") = "Dotnet6-RPG", "Dotnet6-RPG\Dotnet6-RPG.csproj", "{F7FBC827-624A-4934-BBD8-524A6D0132AD}"
EndProject
Global
	GlobalSection(SolutionConfigurationPlatforms) = preSolution
		Debug|Any CPU = Debug|Any CPU
		Release|Any CPU = Release|Any CPU
	EndGlobalSection
	GlobalSection(ProjectConfigurationPlatforms) = postSolution
		{F7FBC827-624A-4934-BBD8-524A6D0132AD}.Debug|Any CPU.ActiveCfg = Debug|Any CPU
		{F7FBC827-624A-4934-BBD8-524A6D0132AD}.Debug|Any CPU.Build.0 = Debug|Any CPU
		{F7FBC827-624A-4934-BBD8-524A6D0132AD}.Release|Any CPU.ActiveCfg = Release|Any CPU
		{F7FBC827-624A-4934-BBD8-524A6D0132AD}.Release|Any CPU.Build.0 = Release|Any CPU
	EndGlobalSection
	GlobalSection(SolutionProperties) = preSolution
		HideSolutionNode = FALSE
	EndGlobalSection
	GlobalSection(ExtensibilityGlobals) = postSolution
		SolutionGuid = {0895C5B2-DFDD-4087-A0D3-1F20A5288C62}
	EndGlobalSection
EndGlobal
